
Microsoft Visual Studio Solution File, Format Version 12.00
# Visual Studio 15
Project("{FAE04EC0-301F-11D3-BF4B-00C04F79EFBC}") = "Assembly-CSharp", "Assembly-CSharp.csproj", "{107F376F-A161-C339-36A3-191368F561AF}"
EndProject
Project("{FAE04EC0-301F-11D3-BF4B-00C04F79EFBC}") = "Oculus.VR", "Oculus.VR.csproj", "{C5A36BE1-87FD-60C1-6844-EA0876056531}"
EndProject
Project("{FAE04EC0-301F-11D3-BF4B-00C04F79EFBC}") = "Assembly-CSharp-Editor", "Assembly-CSharp-Editor.csproj", "{5ABB5175-8FE6-1666-43E5-3231B3C29098}"
EndProject
Project("{FAE04EC0-301F-11D3-BF4B-00C04F79EFBC}") = "Oculus.VR.Scripts.Editor", "Oculus.VR.Scripts.Editor.csproj", "{C9569F71-2617-EFC3-FFCC-7ACBF046B063}"
EndProject
Project("{FAE04EC0-301F-11D3-BF4B-00C04F79EFBC}") = "Oculus.VR.Editor", "Oculus.VR.Editor.csproj", "{C3023B55-E9EA-3DDE-B7FB-9C74F8100422}"
EndProject
Global
	GlobalSection(SolutionConfigurationPlatforms) = preSolution
		Debug|Any CPU = Debug|Any CPU
		Release|Any CPU = Release|Any CPU
	EndGlobalSection
	GlobalSection(ProjectConfigurationPlatforms) = postSolution
		{107F376F-A161-C339-36A3-191368F561AF}.Debug|Any CPU.ActiveCfg = Debug|Any CPU
		{107F376F-A161-C339-36A3-191368F561AF}.Debug|Any CPU.Build.0 = Debug|Any CPU
		{107F376F-A161-C339-36A3-191368F561AF}.Release|Any CPU.ActiveCfg = Release|Any CPU
		{107F376F-A161-C339-36A3-191368F561AF}.Release|Any CPU.Build.0 = Release|Any CPU
		{C5A36BE1-87FD-60C1-6844-EA0876056531}.Debug|Any CPU.ActiveCfg = Debug|Any CPU
		{C5A36BE1-87FD-60C1-6844-EA0876056531}.Debug|Any CPU.Build.0 = Debug|Any CPU
		{C5A36BE1-87FD-60C1-6844-EA0876056531}.Release|Any CPU.ActiveCfg = Release|Any CPU
		{C5A36BE1-87FD-60C1-6844-EA0876056531}.Release|Any CPU.Build.0 = Release|Any CPU
		{5ABB5175-8FE6-1666-43E5-3231B3C29098}.Debug|Any CPU.ActiveCfg = Debug|Any CPU
		{5ABB5175-8FE6-1666-43E5-3231B3C29098}.Debug|Any CPU.Build.0 = Debug|Any CPU
		{5ABB5175-8FE6-1666-43E5-3231B3C29098}.Release|Any CPU.ActiveCfg = Release|Any CPU
		{5ABB5175-8FE6-1666-43E5-3231B3C29098}.Release|Any CPU.Build.0 = Release|Any CPU
		{C9569F71-2617-EFC3-FFCC-7ACBF046B063}.Debug|Any CPU.ActiveCfg = Debug|Any CPU
		{C9569F71-2617-EFC3-FFCC-7ACBF046B063}.Debug|Any CPU.Build.0 = Debug|Any CPU
		{C9569F71-2617-EFC3-FFCC-7ACBF046B063}.Release|Any CPU.ActiveCfg = Release|Any CPU
		{C9569F71-2617-EFC3-FFCC-7ACBF046B063}.Release|Any CPU.Build.0 = Release|Any CPU
		{C3023B55-E9EA-3DDE-B7FB-9C74F8100422}.Debug|Any CPU.ActiveCfg = Debug|Any CPU
		{C3023B55-E9EA-3DDE-B7FB-9C74F8100422}.Debug|Any CPU.Build.0 = Debug|Any CPU
		{C3023B55-E9EA-3DDE-B7FB-9C74F8100422}.Release|Any CPU.ActiveCfg = Release|Any CPU
		{C3023B55-E9EA-3DDE-B7FB-9C74F8100422}.Release|Any CPU.Build.0 = Release|Any CPU
	EndGlobalSection
	GlobalSection(SolutionProperties) = preSolution
		HideSolutionNode = FALSE
	EndGlobalSection
EndGlobal
